# THIS IS AN AUTOGENERATED FILE. DO NOT EDIT THIS FILE DIRECTLY.
# yarn lockfile v1


"@types/date-arithmetic@*":
  version "4.1.4"
  resolved "https://registry.yarnpkg.com/@types/date-arithmetic/-/date-arithmetic-4.1.4.tgz#bdb441f61a916f11af1874a8c2cf787f77ffcb94"
  integrity sha512-p9eZ2X9B80iKiTW4ukVj8B4K6q9/+xFtQ5MGYA5HWToY9nL4EkhV9+6ftT2VHpVMEZb5Tv00Iel516bVdO+yRw==

"@types/prop-types@*":
  version "15.7.13"
  resolved "https://registry.yarnpkg.com/@types/prop-types/-/prop-types-15.7.13.tgz#2af91918ee12d9d32914feb13f5326658461b451"
  integrity sha512-hCZTSvwbzWGvhqxp/RqVqwU999pBf2vp7hzIjiYOsl8wqOmUxkQ6ddw1cV3l8811+kdUFus/q4d1Y3E3SyEifA==

"@types/react-big-calendar@^1.15.0":
  version "1.15.0"
  resolved "https://registry.yarnpkg.com/@types/react-big-calendar/-/react-big-calendar-1.15.0.tgz#1802335c494757a23968e65e9f70fea4ac0208ed"
  integrity sha512-eZF0HCwalF8bFaEpcxufrIEAu8m6UiTjqbuQk66i7RbuPbi4xjlJqFeQ6Pb6TCudZVZ5ttnz9AquQDvgKGM3cQ==
  dependencies:
    "@types/date-arithmetic" "*"
    "@types/prop-types" "*"
    "@types/react" "*"

"@types/react@*":
  version "18.3.12"
  resolved "https://registry.yarnpkg.com/@types/react/-/react-18.3.12.tgz#99419f182ccd69151813b7ee24b792fe08774f60"
  integrity sha512-D2wOSq/d6Agt28q7rSI3jhU7G6aiuzljDGZ2hTZHIkrTLUI+AF3WMeKkEZ9nN2fkBAlcktT6vcZjDFiIhMYEQw==
  dependencies:
    "@types/prop-types" "*"
    csstype "^3.0.2"

csstype@^3.0.2:
  version "3.1.3"
  resolved "https://registry.yarnpkg.com/csstype/-/csstype-3.1.3.tgz#d80ff294d114fb0e6ac500fbf85b60137d7eff81"
  integrity sha512-M1uQkMl8rQK/szD0LNhtqxIPLpimGm8sOBwU7lLnCpSbTyY3yeU1Vc7l4KT5zT4s/yOxHH5O7tIuuLOCnLADRw==
